lockfileVersion: '6.0'

settings:
  autoInstallPeers: true
  excludeLinksFromLockfile: false

devDependencies:
  melvor-types:
    specifier: https://github.com/GamesByMalcsPtyLtd/Melvor-Typing-Project
    version: github.com/GamesByMalcsPtyLtd/Melvor-Typing-Project/bd5611f61e9856b0377e300fa54b1640458b53c7

packages:

  github.com/GamesByMalcsPtyLtd/Melvor-Typing-Project/bd5611f61e9856b0377e300fa54b1640458b53c7:
    resolution: {tarball: https://codeload.github.com/GamesByMalcsPtyLtd/Melvor-Typing-Project/tar.gz/bd5611f61e9856b0377e300fa54b1640458b53c7}
    name: melvor-typing-project
    version: 1.13.0
    dev: true
